{
  "name": "webocr",
  "version": "1.0.0",
  "lockfileVersion": 3,
  "requires": true,
  "packages": {
    "": {
      "name": "webocr",
      "version": "1.0.0",
      "devDependencies": {
        "tesseract-wasm": "^0.10.0",
        "tesseract.js-core": "^6.0.0"
      }
    },
    "node_modules/comlink": {
      "version": "4.4.2",
      "resolved": "https://registry.npmjs.org/comlink/-/comlink-4.4.2.tgz",
      "integrity": "sha512-OxGdvBmJuNKSCMO4NTl1L47VRp6xn2wG4F/2hYzB6tiCb709otOxtEYCSvK80PtjODfXXZu8ds+Nw5kVCjqd2g==",
      "dev": true,
      "license": "Apache-2.0"
    },
    "node_modules/tesseract-wasm": {
      "version": "0.10.0",
      "resolved": "https://registry.npmjs.org/tesseract-wasm/-/tesseract-wasm-0.10.0.tgz",
      "integrity": "sha512-xQHaeU4aGwda97Ojk+uQXVX/QP0dcE5gQggs3+wW5qLLb1ZfR3/VvUTpTo8EIdYA7YIpPfpWMqtzy4DQhzDeCA==",
      "dev": true,
      "license": "BSD-2-Clause",
      "dependencies": {
        "comlink": "^4.3.1"
      }
    },
    "node_modules/tesseract.js-core": {
      "version": "6.0.0",
      "resolved": "https://registry.npmjs.org/tesseract.js-core/-/tesseract.js-core-6.0.0.tgz",
      "integrity": "sha512-1Qncm/9oKM7xgrQXZXNB+NRh19qiXGhxlrR8EwFbK5SaUbPZnS5OMtP/ghtqfd23hsr1ZvZbZjeuAGcMxd/ooA==",
      "dev": true,
      "license": "Apache-2.0"
    }
  }
}
